
Microsoft Visual Studio Solution File, Format Version 12.00
# Visual Studio Version 16
VisualStudioVersion = 16.0.31229.75
MinimumVisualStudioVersion = 10.0.40219.1
Project("{FAE04EC0-301F-11D3-BF4B-00C04F79EFBC}") = "FirstVSApp", "FirstVSApp.csproj", "{DFF6AA82-7846-4075-B146-FD415A05AD06}"
EndProject
Global
	GlobalSection(SolutionConfigurationPlatforms) = preSolution
		Debug|Any CPU = Debug|Any CPU
		Release|Any CPU = Release|Any CPU
	EndGlobalSection
	GlobalSection(ProjectConfigurationPlatforms) = postSolution
		{DFF6AA82-7846-4075-B146-FD415A05AD06}.Debug|Any CPU.ActiveCfg = Debug|Any CPU
		{DFF6AA82-7846-4075-B146-FD415A05AD06}.Debug|Any CPU.Build.0 = Debug|Any CPU
		{DFF6AA82-7846-4075-B146-FD415A05AD06}.Release|Any CPU.ActiveCfg = Release|Any CPU
		{DFF6AA82-7846-4075-B146-FD415A05AD06}.Release|Any CPU.Build.0 = Release|Any CPU
	EndGlobalSection
	GlobalSection(SolutionProperties) = preSolution
		HideSolutionNode = FALSE
	EndGlobalSection
	GlobalSection(ExtensibilityGlobals) = postSolution
		SolutionGuid = {A5E218F1-016F-4C1C-A955-57CB334BAEB5}
	EndGlobalSection
EndGlobal
