
Microsoft Visual Studio Solution File, Format Version 12.00
# Visual Studio Version 16
VisualStudioVersion = 16.0.31229.75
MinimumVisualStudioVersion = 10.0.40219.1
Project("{FAE04EC0-301F-11D3-BF4B-00C04F79EFBC}") = "ADOExampleProject", "ADOExampleProject.csproj", "{0BF68FFA-E0BC-41FD-88C4-26ABB74C6A08}"
EndProject
Global
	GlobalSection(SolutionConfigurationPlatforms) = preSolution
		Debug|Any CPU = Debug|Any CPU
		Release|Any CPU = Release|Any CPU
	EndGlobalSection
	GlobalSection(ProjectConfigurationPlatforms) = postSolution
		{0BF68FFA-E0BC-41FD-88C4-26ABB74C6A08}.Debug|Any CPU.ActiveCfg = Debug|Any CPU
		{0BF68FFA-E0BC-41FD-88C4-26ABB74C6A08}.Debug|Any CPU.Build.0 = Debug|Any CPU
		{0BF68FFA-E0BC-41FD-88C4-26ABB74C6A08}.Release|Any CPU.ActiveCfg = Release|Any CPU
		{0BF68FFA-E0BC-41FD-88C4-26ABB74C6A08}.Release|Any CPU.Build.0 = Release|Any CPU
	EndGlobalSection
	GlobalSection(SolutionProperties) = preSolution
		HideSolutionNode = FALSE
	EndGlobalSection
	GlobalSection(ExtensibilityGlobals) = postSolution
		SolutionGuid = {F7E8A852-BFF8-412A-9A8A-14D2FFD47D15}
	EndGlobalSection
EndGlobal
