
Microsoft Visual Studio Solution File, Format Version 12.00
# Visual Studio Version 16
VisualStudioVersion = 16.0.31229.75
MinimumVisualStudioVersion = 10.0.40219.1
Project("{FAE04EC0-301F-11D3-BF4B-00C04F79EFBC}") = "WorkingWithModelProject", "WorkingWithModelProject.csproj", "{E5F683D9-E0AB-4B00-8AC6-F4B9B48DD7D4}"
EndProject
Global
	GlobalSection(SolutionConfigurationPlatforms) = preSolution
		Debug|Any CPU = Debug|Any CPU
		Release|Any CPU = Release|Any CPU
	EndGlobalSection
	GlobalSection(ProjectConfigurationPlatforms) = postSolution
		{E5F683D9-E0AB-4B00-8AC6-F4B9B48DD7D4}.Debug|Any CPU.ActiveCfg = Debug|Any CPU
		{E5F683D9-E0AB-4B00-8AC6-F4B9B48DD7D4}.Debug|Any CPU.Build.0 = Debug|Any CPU
		{E5F683D9-E0AB-4B00-8AC6-F4B9B48DD7D4}.Release|Any CPU.ActiveCfg = Release|Any CPU
		{E5F683D9-E0AB-4B00-8AC6-F4B9B48DD7D4}.Release|Any CPU.Build.0 = Release|Any CPU
	EndGlobalSection
	GlobalSection(SolutionProperties) = preSolution
		HideSolutionNode = FALSE
	EndGlobalSection
	GlobalSection(ExtensibilityGlobals) = postSolution
		SolutionGuid = {EDB43247-7070-445A-A2C7-71438F98DF08}
	EndGlobalSection
EndGlobal
