
Microsoft Visual Studio Solution File, Format Version 12.00
# Visual Studio Version 16
VisualStudioVersion = 16.0.31229.75
MinimumVisualStudioVersion = 10.0.40219.1
Project("{FAE04EC0-301F-11D3-BF4B-00C04F79EFBC}") = "MoreOnEFProject", "MoreOnEFProject.csproj", "{BB0CFB2D-2B1C-4421-8F93-4455EB44AEED}"
EndProject
Global
	GlobalSection(SolutionConfigurationPlatforms) = preSolution
		Debug|Any CPU = Debug|Any CPU
		Release|Any CPU = Release|Any CPU
	EndGlobalSection
	GlobalSection(ProjectConfigurationPlatforms) = postSolution
		{BB0CFB2D-2B1C-4421-8F93-4455EB44AEED}.Debug|Any CPU.ActiveCfg = Debug|Any CPU
		{BB0CFB2D-2B1C-4421-8F93-4455EB44AEED}.Debug|Any CPU.Build.0 = Debug|Any CPU
		{BB0CFB2D-2B1C-4421-8F93-4455EB44AEED}.Release|Any CPU.ActiveCfg = Release|Any CPU
		{BB0CFB2D-2B1C-4421-8F93-4455EB44AEED}.Release|Any CPU.Build.0 = Release|Any CPU
	EndGlobalSection
	GlobalSection(SolutionProperties) = preSolution
		HideSolutionNode = FALSE
	EndGlobalSection
	GlobalSection(ExtensibilityGlobals) = postSolution
		SolutionGuid = {848CFD73-F759-4791-94E1-9EBD15B4975C}
	EndGlobalSection
EndGlobal
