
Microsoft Visual Studio Solution File, Format Version 12.00
# Visual Studio Version 16
VisualStudioVersion = 16.0.31229.75
MinimumVisualStudioVersion = 10.0.40219.1
Project("{FAE04EC0-301F-11D3-BF4B-00C04F79EFBC}") = "UnderstandingRelationProject", "UnderstandingRelationProject.csproj", "{2A31D74D-7C04-4D16-80E6-22FC2BA0A8DA}"
EndProject
Global
	GlobalSection(SolutionConfigurationPlatforms) = preSolution
		Debug|Any CPU = Debug|Any CPU
		Release|Any CPU = Release|Any CPU
	EndGlobalSection
	GlobalSection(ProjectConfigurationPlatforms) = postSolution
		{2A31D74D-7C04-4D16-80E6-22FC2BA0A8DA}.Debug|Any CPU.ActiveCfg = Debug|Any CPU
		{2A31D74D-7C04-4D16-80E6-22FC2BA0A8DA}.Debug|Any CPU.Build.0 = Debug|Any CPU
		{2A31D74D-7C04-4D16-80E6-22FC2BA0A8DA}.Release|Any CPU.ActiveCfg = Release|Any CPU
		{2A31D74D-7C04-4D16-80E6-22FC2BA0A8DA}.Release|Any CPU.Build.0 = Release|Any CPU
	EndGlobalSection
	GlobalSection(SolutionProperties) = preSolution
		HideSolutionNode = FALSE
	EndGlobalSection
	GlobalSection(ExtensibilityGlobals) = postSolution
		SolutionGuid = {446D87FC-9FE5-4031-A5FC-6BAD4F0D66D1}
	EndGlobalSection
EndGlobal
