
Microsoft Visual Studio Solution File, Format Version 12.00
# Visual Studio Version 16
VisualStudioVersion = 16.0.31229.75
MinimumVisualStudioVersion = 10.0.40219.1
Project("{FAE04EC0-301F-11D3-BF4B-00C04F79EFBC}") = "DatabaseFirstProject", "DatabaseFirstProject.csproj", "{F3CDD018-EF5A-472F-903C-093FAC3B67DF}"
EndProject
Global
	GlobalSection(SolutionConfigurationPlatforms) = preSolution
		Debug|Any CPU = Debug|Any CPU
		Release|Any CPU = Release|Any CPU
	EndGlobalSection
	GlobalSection(ProjectConfigurationPlatforms) = postSolution
		{F3CDD018-EF5A-472F-903C-093FAC3B67DF}.Debug|Any CPU.ActiveCfg = Debug|Any CPU
		{F3CDD018-EF5A-472F-903C-093FAC3B67DF}.Debug|Any CPU.Build.0 = Debug|Any CPU
		{F3CDD018-EF5A-472F-903C-093FAC3B67DF}.Release|Any CPU.ActiveCfg = Release|Any CPU
		{F3CDD018-EF5A-472F-903C-093FAC3B67DF}.Release|Any CPU.Build.0 = Release|Any CPU
	EndGlobalSection
	GlobalSection(SolutionProperties) = preSolution
		HideSolutionNode = FALSE
	EndGlobalSection
	GlobalSection(ExtensibilityGlobals) = postSolution
		SolutionGuid = {450178E7-9BA5-4896-91FD-4042EA03B89C}
	EndGlobalSection
EndGlobal
